
Microsoft Visual Studio Solution File, Format Version 12.00
# Visual Studio Version 16
VisualStudioVersion = 16.0.30717.126
MinimumVisualStudioVersion = 10.0.40219.1
Project("{2150E333-8FDC-42A3-9474-1A3956D46DE8}") = "Platforms", "Platforms", "{CE535946-2273-40C4-AA3A-4E4561CD51E4}"
EndProject
Project("{FAE04EC0-301F-11D3-BF4B-00C04F79EFBC}") = "UnoApp1.Droid", "UnoApp1.Droid\UnoApp1.Droid.csproj", "{DBB210D1-B108-448C-B94F-036781648D32}"
EndProject
Project("{FAE04EC0-301F-11D3-BF4B-00C04F79EFBC}") = "UnoApp1.iOS", "UnoApp1.iOS\UnoApp1.iOS.csproj", "{DBEC7AE6-9E07-49E7-98B4-92712E25B885}"
EndProject
Project("{FAE04EC0-301F-11D3-BF4B-00C04F79EFBC}") = "UnoApp1.UWP", "UnoApp1.UWP\UnoApp1.UWP.csproj", "{28C263DF-43F3-4047-B88F-61D722E7D6E3}"
EndProject
Project("{FAE04EC0-301F-11D3-BF4B-00C04F79EFBC}") = "UnoApp1.Wasm", "UnoApp1.Wasm\UnoApp1.Wasm.csproj", "{A5F3CB65-A82F-4B74-8414-7D6D1F73979C}"
EndProject
Project("{FAE04EC0-301F-11D3-BF4B-00C04F79EFBC}") = "UnoApp1.macOS", "UnoApp1.macOS\UnoApp1.macOS.csproj", "{4E8CC87C-968E-4679-BA65-DD2B67591603}"
EndProject
Project("{FAE04EC0-301F-11D3-BF4B-00C04F79EFBC}") = "UnoApp1.Skia.Wpf.Host", "UnoApp1.Skia.Wpf.Host\UnoApp1.Skia.Wpf.Host.csproj", "{57CD3633-D11F-4A9C-A295-E71056F271E2}"
EndProject
Project("{FAE04EC0-301F-11D3-BF4B-00C04F79EFBC}") = "UnoApp1.Skia.Wpf", "UnoApp1.Skia.Wpf\UnoApp1.Skia.Wpf.csproj", "{5A5CA828-DED8-4F64-BF3C-F84FEC0F8707}"
EndProject
Project("{FAE04EC0-301F-11D3-BF4B-00C04F79EFBC}") = "UnoApp1.Skia.Gtk", "UnoApp1.Skia.Gtk\UnoApp1.Skia.Gtk.csproj", "{4F0E9CCA-C8D7-41FD-B627-5B3D680D8EB8}"
EndProject
Project("{FAE04EC0-301F-11D3-BF4B-00C04F79EFBC}") = "UnoApp1.Skia.Tizen", "UnoApp1.Skia.Tizen\UnoApp1.Skia.Tizen.csproj", "{10D51CFA-3D88-483E-B210-1020666C1E69}"
EndProject
Project("{D954291E-2A0B-460D-934E-DC6B0785DB48}") = "UnoApp1.Shared", "UnoApp1.Shared\UnoApp1.Shared.shproj", "{6279C845-92F8-4333-AB99-3D213163593C}"
EndProject
Global
	GlobalSection(SharedMSBuildProjectFiles) = preSolution
		UnoApp1.Shared\UnoApp1.Shared.projitems*{10d51cfa-3d88-483e-b210-1020666c1e69}*SharedItemsImports = 5
		UnoApp1.Shared\UnoApp1.Shared.projitems*{4f0e9cca-c8d7-41fd-b627-5b3d680d8eb8}*SharedItemsImports = 5
		UnoApp1.Shared\UnoApp1.Shared.projitems*{5a5ca828-ded8-4f64-bf3c-f84fec0f8707}*SharedItemsImports = 5
		UnoApp1.Shared\UnoApp1.Shared.projitems*{6279c845-92f8-4333-ab99-3d213163593c}*SharedItemsImports = 13
		UnoApp1.Shared\UnoApp1.Shared.projitems*{a5f3cb65-a82f-4b74-8414-7d6d1f73979c}*SharedItemsImports = 5
	EndGlobalSection
	GlobalSection(SolutionConfigurationPlatforms) = preSolution
		Ad-Hoc|Any CPU = Ad-Hoc|Any CPU
		Ad-Hoc|ARM = Ad-Hoc|ARM
		Ad-Hoc|ARM64 = Ad-Hoc|ARM64
		Ad-Hoc|iPhone = Ad-Hoc|iPhone
		Ad-Hoc|iPhoneSimulator = Ad-Hoc|iPhoneSimulator
		Ad-Hoc|x64 = Ad-Hoc|x64
		Ad-Hoc|x86 = Ad-Hoc|x86
		AppStore|Any CPU = AppStore|Any CPU
		AppStore|ARM = AppStore|ARM
		AppStore|ARM64 = AppStore|ARM64
		AppStore|iPhone = AppStore|iPhone
		AppStore|iPhoneSimulator = AppStore|iPhoneSimulator
		AppStore|x64 = AppStore|x64
		AppStore|x86 = AppStore|x86
		Debug|Any CPU = Debug|Any CPU
		Debug|ARM = Debug|ARM
		Debug|ARM64 = Debug|ARM64
		Debug|iPhone = Debug|iPhone
		Debug|iPhoneSimulator = Debug|iPhoneSimulator
		Debug|x64 = Debug|x64
		Debug|x86 = Debug|x86
		Release|Any CPU = Release|Any CPU
		Release|ARM = Release|ARM
		Release|ARM64 = Release|ARM64
		Release|iPhone = Release|iPhone
		Release|iPhoneSimulator = Release|iPhoneSimulator
		Release|x64 = Release|x64
		Release|x86 = Release|x86
	EndGlobalSection
	GlobalSection(ProjectConfigurationPlatforms) = postSolution
		{DBB210D1-B108-448C-B94F-036781648D32}.Ad-Hoc|Any CPU.ActiveCfg = Debug|Any CPU
		{DBB210D1-B108-448C-B94F-036781648D32}.Ad-Hoc|Any CPU.Build.0 = Debug|Any CPU
		{DBB210D1-B108-448C-B94F-036781648D32}.Ad-Hoc|Any CPU.Deploy.0 = Debug|Any CPU
		{DBB210D1-B108-448C-B94F-036781648D32}.Ad-Hoc|ARM.ActiveCfg = Debug|Any CPU
		{DBB210D1-B108-448C-B94F-036781648D32}.Ad-Hoc|ARM.Build.0 = Debug|Any CPU
		{DBB210D1-B108-448C-B94F-036781648D32}.Ad-Hoc|ARM.Deploy.0 = Debug|Any CPU
		{DBB210D1-B108-448C-B94F-036781648D32}.Ad-Hoc|ARM64.ActiveCfg = Debug|Any CPU
		{DBB210D1-B108-448C-B94F-036781648D32}.Ad-Hoc|ARM64.Build.0 = Debug|Any CPU
		{DBB210D1-B108-448C-B94F-036781648D32}.Ad-Hoc|ARM64.Deploy.0 = Debug|Any CPU
		{DBB210D1-B108-448C-B94F-036781648D32}.Ad-Hoc|iPhone.ActiveCfg = Debug|Any CPU
		{DBB210D1-B108-448C-B94F-036781648D32}.Ad-Hoc|iPhone.Build.0 = Debug|Any CPU
		{DBB210D1-B108-448C-B94F-036781648D32}.Ad-Hoc|iPhone.Deploy.0 = Debug|Any CPU
		{DBB210D1-B108-448C-B94F-036781648D32}.Ad-Hoc|iPhoneSimulator.ActiveCfg = Debug|Any CPU
		{DBB210D1-B108-448C-B94F-036781648D32}.Ad-Hoc|iPhoneSimulator.Build.0 = Debug|Any CPU
		{DBB210D1-B108-448C-B94F-036781648D32}.Ad-Hoc|iPhoneSimulator.Deploy.0 = Debug|Any CPU
		{DBB210D1-B108-448C-B94F-036781648D32}.Ad-Hoc|x64.ActiveCfg = Debug|Any CPU
		{DBB210D1-B108-448C-B94F-036781648D32}.Ad-Hoc|x64.Build.0 = Debug|Any CPU
		{DBB210D1-B108-448C-B94F-036781648D32}.Ad-Hoc|x64.Deploy.0 = Debug|Any CPU
		{DBB210D1-B108-448C-B94F-036781648D32}.Ad-Hoc|x86.ActiveCfg = Debug|Any CPU
		{DBB210D1-B108-448C-B94F-036781648D32}.Ad-Hoc|x86.Build.0 = Debug|Any CPU
		{DBB210D1-B108-448C-B94F-036781648D32}.Ad-Hoc|x86.Deploy.0 = Debug|Any CPU
		{DBB210D1-B108-448C-B94F-036781648D32}.AppStore|Any CPU.ActiveCfg = Debug|Any CPU
		{DBB210D1-B108-448C-B94F-036781648D32}.AppStore|Any CPU.Build.0 = Debug|Any CPU
		{DBB210D1-B108-448C-B94F-036781648D32}.AppStore|Any CPU.Deploy.0 = Debug|Any CPU
		{DBB210D1-B108-448C-B94F-036781648D32}.AppStore|ARM.ActiveCfg = Debug|Any CPU
		{DBB210D1-B108-448C-B94F-036781648D32}.AppStore|ARM.Build.0 = Debug|Any CPU
		{DBB210D1-B108-448C-B94F-036781648D32}.AppStore|ARM.Deploy.0 = Debug|Any CPU
		{DBB210D1-B108-448C-B94F-036781648D32}.AppStore|ARM64.ActiveCfg = Debug|Any CPU
		{DBB210D1-B108-448C-B94F-036781648D32}.AppStore|ARM64.Build.0 = Debug|Any CPU
		{DBB210D1-B108-448C-B94F-036781648D32}.AppStore|ARM64.Deploy.0 = Debug|Any CPU
		{DBB210D1-B108-448C-B94F-036781648D32}.AppStore|iPhone.ActiveCfg = Debug|Any CPU
		{DBB210D1-B108-448C-B94F-036781648D32}.AppStore|iPhone.Build.0 = Debug|Any CPU
		{DBB210D1-B108-448C-B94F-036781648D32}.AppStore|iPhone.Deploy.0 = Debug|Any CPU
		{DBB210D1-B108-448C-B94F-036781648D32}.AppStore|iPhoneSimulator.ActiveCfg = Debug|Any CPU
		{DBB210D1-B108-448C-B94F-036781648D32}.AppStore|iPhoneSimulator.Build.0 = Debug|Any CPU
		{DBB210D1-B108-448C-B94F-036781648D32}.AppStore|iPhoneSimulator.Deploy.0 = Debug|Any CPU
		{DBB210D1-B108-448C-B94F-036781648D32}.AppStore|x64.ActiveCfg = Debug|Any CPU
		{DBB210D1-B108-448C-B94F-036781648D32}.AppStore|x64.Build.0 = Debug|Any CPU
		{DBB210D1-B108-448C-B94F-036781648D32}.AppStore|x64.Deploy.0 = Debug|Any CPU
		{DBB210D1-B108-448C-B94F-036781648D32}.AppStore|x86.ActiveCfg = Debug|Any CPU
		{DBB210D1-B108-448C-B94F-036781648D32}.AppStore|x86.Build.0 = Debug|Any CPU
		{DBB210D1-B108-448C-B94F-036781648D32}.AppStore|x86.Deploy.0 = Debug|Any CPU
		{DBB210D1-B108-448C-B94F-036781648D32}.Debug|Any CPU.ActiveCfg = Debug|Any CPU
		{DBB210D1-B108-448C-B94F-036781648D32}.Debug|Any CPU.Build.0 = Debug|Any CPU
		{DBB210D1-B108-448C-B94F-036781648D32}.Debug|Any CPU.Deploy.0 = Debug|Any CPU
		{DBB210D1-B108-448C-B94F-036781648D32}.Debug|ARM.ActiveCfg = Debug|Any CPU
		{DBB210D1-B108-448C-B94F-036781648D32}.Debug|ARM.Build.0 = Debug|Any CPU
		{DBB210D1-B108-448C-B94F-036781648D32}.Debug|ARM.Deploy.0 = Debug|Any CPU
		{DBB210D1-B108-448C-B94F-036781648D32}.Debug|ARM64.ActiveCfg = Debug|Any CPU
		{DBB210D1-B108-448C-B94F-036781648D32}.Debug|ARM64.Build.0 = Debug|Any CPU
		{DBB210D1-B108-448C-B94F-036781648D32}.Debug|ARM64.Deploy.0 = Debug|Any CPU
		{DBB210D1-B108-448C-B94F-036781648D32}.Debug|iPhone.ActiveCfg = Debug|Any CPU
		{DBB210D1-B108-448C-B94F-036781648D32}.Debug|iPhone.Build.0 = Debug|Any CPU
		{DBB210D1-B108-448C-B94F-036781648D32}.Debug|iPhone.Deploy.0 = Debug|Any CPU
		{DBB210D1-B108-448C-B94F-036781648D32}.Debug|iPhoneSimulator.ActiveCfg = Debug|Any CPU
		{DBB210D1-B108-448C-B94F-036781648D32}.Debug|iPhoneSimulator.Build.0 = Debug|Any CPU
		{DBB210D1-B108-448C-B94F-036781648D32}.Debug|iPhoneSimulator.Deploy.0 = Debug|Any CPU
		{DBB210D1-B108-448C-B94F-036781648D32}.Debug|x64.ActiveCfg = Debug|Any CPU
		{DBB210D1-B108-448C-B94F-036781648D32}.Debug|x64.Build.0 = Debug|Any CPU
		{DBB210D1-B108-448C-B94F-036781648D32}.Debug|x64.Deploy.0 = Debug|Any CPU
		{DBB210D1-B108-448C-B94F-036781648D32}.Debug|x86.ActiveCfg = Debug|Any CPU
		{DBB210D1-B108-448C-B94F-036781648D32}.Debug|x86.Build.0 = Debug|Any CPU
		{DBB210D1-B108-448C-B94F-036781648D32}.Debug|x86.Deploy.0 = Debug|Any CPU
		{DBB210D1-B108-448C-B94F-036781648D32}.Release|Any CPU.ActiveCfg = Release|Any CPU
		{DBB210D1-B108-448C-B94F-036781648D32}.Release|Any CPU.Build.0 = Release|Any CPU
		{DBB210D1-B108-448C-B94F-036781648D32}.Release|Any CPU.Deploy.0 = Release|Any CPU
		{DBB210D1-B108-448C-B94F-036781648D32}.Release|ARM.ActiveCfg = Release|Any CPU
		{DBB210D1-B108-448C-B94F-036781648D32}.Release|ARM.Build.0 = Release|Any CPU
		{DBB210D1-B108-448C-B94F-036781648D32}.Release|ARM.Deploy.0 = Release|Any CPU
		{DBB210D1-B108-448C-B94F-036781648D32}.Release|ARM64.ActiveCfg = Release|Any CPU
		{DBB210D1-B108-448C-B94F-036781648D32}.Release|ARM64.Build.0 = Release|Any CPU
		{DBB210D1-B108-448C-B94F-036781648D32}.Release|ARM64.Deploy.0 = Release|Any CPU
		{DBB210D1-B108-448C-B94F-036781648D32}.Release|iPhone.ActiveCfg = Release|Any CPU
		{DBB210D1-B108-448C-B94F-036781648D32}.Release|iPhone.Build.0 = Release|Any CPU
		{DBB210D1-B108-448C-B94F-036781648D32}.Release|iPhone.Deploy.0 = Release|Any CPU
		{DBB210D1-B108-448C-B94F-036781648D32}.Release|iPhoneSimulator.ActiveCfg = Release|Any CPU
		{DBB210D1-B108-448C-B94F-036781648D32}.Release|iPhoneSimulator.Build.0 = Release|Any CPU
		{DBB210D1-B108-448C-B94F-036781648D32}.Release|iPhoneSimulator.Deploy.0 = Release|Any CPU
		{DBB210D1-B108-448C-B94F-036781648D32}.Release|x64.ActiveCfg = Release|Any CPU
		{DBB210D1-B108-448C-B94F-036781648D32}.Release|x64.Build.0 = Release|Any CPU
		{DBB210D1-B108-448C-B94F-036781648D32}.Release|x64.Deploy.0 = Release|Any CPU
		{DBB210D1-B108-448C-B94F-036781648D32}.Release|x86.ActiveCfg = Release|Any CPU
		{DBB210D1-B108-448C-B94F-036781648D32}.Release|x86.Build.0 = Release|Any CPU
		{DBB210D1-B108-448C-B94F-036781648D32}.Release|x86.Deploy.0 = Release|Any CPU
		{DBEC7AE6-9E07-49E7-98B4-92712E25B885}.Ad-Hoc|Any CPU.ActiveCfg = Ad-Hoc|iPhoneSimulator
		{DBEC7AE6-9E07-49E7-98B4-92712E25B885}.Ad-Hoc|ARM.ActiveCfg = Ad-Hoc|iPhoneSimulator
		{DBEC7AE6-9E07-49E7-98B4-92712E25B885}.Ad-Hoc|ARM64.ActiveCfg = Ad-Hoc|iPhoneSimulator
		{DBEC7AE6-9E07-49E7-98B4-92712E25B885}.Ad-Hoc|iPhone.ActiveCfg = Ad-Hoc|iPhone
		{DBEC7AE6-9E07-49E7-98B4-92712E25B885}.Ad-Hoc|iPhone.Build.0 = Ad-Hoc|iPhone
		{DBEC7AE6-9E07-49E7-98B4-92712E25B885}.Ad-Hoc|iPhoneSimulator.ActiveCfg = Ad-Hoc|iPhoneSimulator
		{DBEC7AE6-9E07-49E7-98B4-92712E25B885}.Ad-Hoc|iPhoneSimulator.Build.0 = Ad-Hoc|iPhoneSimulator
		{DBEC7AE6-9E07-49E7-98B4-92712E25B885}.Ad-Hoc|x64.ActiveCfg = Ad-Hoc|iPhoneSimulator
		{DBEC7AE6-9E07-49E7-98B4-92712E25B885}.Ad-Hoc|x86.ActiveCfg = Ad-Hoc|iPhoneSimulator
		{DBEC7AE6-9E07-49E7-98B4-92712E25B885}.AppStore|Any CPU.ActiveCfg = AppStore|iPhoneSimulator
		{DBEC7AE6-9E07-49E7-98B4-92712E25B885}.AppStore|ARM.ActiveCfg = AppStore|iPhoneSimulator
		{DBEC7AE6-9E07-49E7-98B4-92712E25B885}.AppStore|ARM64.ActiveCfg = AppStore|iPhoneSimulator
		{DBEC7AE6-9E07-49E7-98B4-92712E25B885}.AppStore|iPhone.ActiveCfg = AppStore|iPhone
		{DBEC7AE6-9E07-49E7-98B4-92712E25B885}.AppStore|iPhone.Build.0 = AppStore|iPhone
		{DBEC7AE6-9E07-49E7-98B4-92712E25B885}.AppStore|iPhoneSimulator.ActiveCfg = AppStore|iPhoneSimulator
		{DBEC7AE6-9E07-49E7-98B4-92712E25B885}.AppStore|iPhoneSimulator.Build.0 = AppStore|iPhoneSimulator
		{DBEC7AE6-9E07-49E7-98B4-92712E25B885}.AppStore|x64.ActiveCfg = AppStore|iPhoneSimulator
		{DBEC7AE6-9E07-49E7-98B4-92712E25B885}.AppStore|x86.ActiveCfg = AppStore|iPhoneSimulator
		{DBEC7AE6-9E07-49E7-98B4-92712E25B885}.Debug|Any CPU.ActiveCfg = Debug|iPhoneSimulator
		{DBEC7AE6-9E07-49E7-98B4-92712E25B885}.Debug|ARM.ActiveCfg = Debug|iPhoneSimulator
		{DBEC7AE6-9E07-49E7-98B4-92712E25B885}.Debug|ARM64.ActiveCfg = Debug|iPhoneSimulator
		{DBEC7AE6-9E07-49E7-98B4-92712E25B885}.Debug|iPhone.ActiveCfg = Debug|iPhone
		{DBEC7AE6-9E07-49E7-98B4-92712E25B885}.Debug|iPhone.Build.0 = Debug|iPhone
		{DBEC7AE6-9E07-49E7-98B4-92712E25B885}.Debug|iPhoneSimulator.ActiveCfg = Debug|iPhoneSimulator
		{DBEC7AE6-9E07-49E7-98B4-92712E25B885}.Debug|iPhoneSimulator.Build.0 = Debug|iPhoneSimulator
		{DBEC7AE6-9E07-49E7-98B4-92712E25B885}.Debug|x64.ActiveCfg = Debug|iPhoneSimulator
		{DBEC7AE6-9E07-49E7-98B4-92712E25B885}.Debug|x86.ActiveCfg = Debug|iPhoneSimulator
		{DBEC7AE6-9E07-49E7-98B4-92712E25B885}.Release|Any CPU.ActiveCfg = Release|iPhoneSimulator
		{DBEC7AE6-9E07-49E7-98B4-92712E25B885}.Release|ARM.ActiveCfg = Release|iPhoneSimulator
		{DBEC7AE6-9E07-49E7-98B4-92712E25B885}.Release|ARM64.ActiveCfg = Release|iPhoneSimulator
		{DBEC7AE6-9E07-49E7-98B4-92712E25B885}.Release|iPhone.ActiveCfg = Release|iPhone
		{DBEC7AE6-9E07-49E7-98B4-92712E25B885}.Release|iPhone.Build.0 = Release|iPhone
		{DBEC7AE6-9E07-49E7-98B4-92712E25B885}.Release|iPhoneSimulator.ActiveCfg = Release|iPhoneSimulator
		{DBEC7AE6-9E07-49E7-98B4-92712E25B885}.Release|iPhoneSimulator.Build.0 = Release|iPhoneSimulator
		{DBEC7AE6-9E07-49E7-98B4-92712E25B885}.Release|x64.ActiveCfg = Release|iPhoneSimulator
		{DBEC7AE6-9E07-49E7-98B4-92712E25B885}.Release|x86.ActiveCfg = Release|iPhoneSimulator
		{28C263DF-43F3-4047-B88F-61D722E7D6E3}.Ad-Hoc|Any CPU.ActiveCfg = Debug|x86
		{28C263DF-43F3-4047-B88F-61D722E7D6E3}.Ad-Hoc|Any CPU.Build.0 = Debug|x86
		{28C263DF-43F3-4047-B88F-61D722E7D6E3}.Ad-Hoc|Any CPU.Deploy.0 = Debug|x86
		{28C263DF-43F3-4047-B88F-61D722E7D6E3}.Ad-Hoc|ARM.ActiveCfg = Debug|ARM
		{28C263DF-43F3-4047-B88F-61D722E7D6E3}.Ad-Hoc|ARM.Build.0 = Debug|ARM
		{28C263DF-43F3-4047-B88F-61D722E7D6E3}.Ad-Hoc|ARM.Deploy.0 = Debug|ARM
		{28C263DF-43F3-4047-B88F-61D722E7D6E3}.Ad-Hoc|ARM64.ActiveCfg = Debug|ARM64
		{28C263DF-43F3-4047-B88F-61D722E7D6E3}.Ad-Hoc|ARM64.Build.0 = Debug|ARM64
		{28C263DF-43F3-4047-B88F-61D722E7D6E3}.Ad-Hoc|ARM64.Deploy.0 = Debug|ARM64
		{28C263DF-43F3-4047-B88F-61D722E7D6E3}.Ad-Hoc|iPhone.ActiveCfg = Debug|x86
		{28C263DF-43F3-4047-B88F-61D722E7D6E3}.Ad-Hoc|iPhone.Build.0 = Debug|x86
		{28C263DF-43F3-4047-B88F-61D722E7D6E3}.Ad-Hoc|iPhone.Deploy.0 = Debug|x86
		{28C263DF-43F3-4047-B88F-61D722E7D6E3}.Ad-Hoc|iPhoneSimulator.ActiveCfg = Debug|x86
		{28C263DF-43F3-4047-B88F-61D722E7D6E3}.Ad-Hoc|iPhoneSimulator.Build.0 = Debug|x86
		{28C263DF-43F3-4047-B88F-61D722E7D6E3}.Ad-Hoc|iPhoneSimulator.Deploy.0 = Debug|x86
		{28C263DF-43F3-4047-B88F-61D722E7D6E3}.Ad-Hoc|x64.ActiveCfg = Debug|x64
		{28C263DF-43F3-4047-B88F-61D722E7D6E3}.Ad-Hoc|x64.Build.0 = Debug|x64
		{28C263DF-43F3-4047-B88F-61D722E7D6E3}.Ad-Hoc|x64.Deploy.0 = Debug|x64
		{28C263DF-43F3-4047-B88F-61D722E7D6E3}.Ad-Hoc|x86.ActiveCfg = Debug|x86
		{28C263DF-43F3-4047-B88F-61D722E7D6E3}.Ad-Hoc|x86.Build.0 = Debug|x86
		{28C263DF-43F3-4047-B88F-61D722E7D6E3}.Ad-Hoc|x86.Deploy.0 = Debug|x86
		{28C263DF-43F3-4047-B88F-61D722E7D6E3}.AppStore|Any CPU.ActiveCfg = Debug|x86
		{28C263DF-43F3-4047-B88F-61D722E7D6E3}.AppStore|Any CPU.Build.0 = Debug|x86
		{28C263DF-43F3-4047-B88F-61D722E7D6E3}.AppStore|Any CPU.Deploy.0 = Debug|x86
		{28C263DF-43F3-4047-B88F-61D722E7D6E3}.AppStore|ARM.ActiveCfg = Debug|ARM
		{28C263DF-43F3-4047-B88F-61D722E7D6E3}.AppStore|ARM.Build.0 = Debug|ARM
		{28C263DF-43F3-4047-B88F-61D722E7D6E3}.AppStore|ARM.Deploy.0 = Debug|ARM
		{28C263DF-43F3-4047-B88F-61D722E7D6E3}.AppStore|ARM64.ActiveCfg = Debug|ARM64
		{28C263DF-43F3-4047-B88F-61D722E7D6E3}.AppStore|ARM64.Build.0 = Debug|ARM64
		{28C263DF-43F3-4047-B88F-61D722E7D6E3}.AppStore|ARM64.Deploy.0 = Debug|ARM64
		{28C263DF-43F3-4047-B88F-61D722E7D6E3}.AppStore|iPhone.ActiveCfg = Debug|x86
		{28C263DF-43F3-4047-B88F-61D722E7D6E3}.AppStore|iPhone.Build.0 = Debug|x86
		{28C263DF-43F3-4047-B88F-61D722E7D6E3}.AppStore|iPhone.Deploy.0 = Debug|x86
		{28C263DF-43F3-4047-B88F-61D722E7D6E3}.AppStore|iPhoneSimulator.ActiveCfg = Debug|x86
		{28C263DF-43F3-4047-B88F-61D722E7D6E3}.AppStore|iPhoneSimulator.Build.0 = Debug|x86
		{28C263DF-43F3-4047-B88F-61D722E7D6E3}.AppStore|iPhoneSimulator.Deploy.0 = Debug|x86
		{28C263DF-43F3-4047-B88F-61D722E7D6E3}.AppStore|x64.ActiveCfg = Debug|x64
		{28C263DF-43F3-4047-B88F-61D722E7D6E3}.AppStore|x64.Build.0 = Debug|x64
		{28C263DF-43F3-4047-B88F-61D722E7D6E3}.AppStore|x64.Deploy.0 = Debug|x64
		{28C263DF-43F3-4047-B88F-61D722E7D6E3}.AppStore|x86.ActiveCfg = Debug|x86
		{28C263DF-43F3-4047-B88F-61D722E7D6E3}.AppStore|x86.Build.0 = Debug|x86
		{28C263DF-43F3-4047-B88F-61D722E7D6E3}.AppStore|x86.Deploy.0 = Debug|x86
		{28C263DF-43F3-4047-B88F-61D722E7D6E3}.Debug|Any CPU.ActiveCfg = Debug|x86
		{28C263DF-43F3-4047-B88F-61D722E7D6E3}.Debug|ARM.ActiveCfg = Debug|ARM
		{28C263DF-43F3-4047-B88F-61D722E7D6E3}.Debug|ARM.Build.0 = Debug|ARM
		{28C263DF-43F3-4047-B88F-61D722E7D6E3}.Debug|ARM.Deploy.0 = Debug|ARM
		{28C263DF-43F3-4047-B88F-61D722E7D6E3}.Debug|ARM64.ActiveCfg = Debug|ARM64
		{28C263DF-43F3-4047-B88F-61D722E7D6E3}.Debug|ARM64.Build.0 = Debug|ARM64
		{28C263DF-43F3-4047-B88F-61D722E7D6E3}.Debug|ARM64.Deploy.0 = Debug|ARM64
		{28C263DF-43F3-4047-B88F-61D722E7D6E3}.Debug|iPhone.ActiveCfg = Debug|x86
		{28C263DF-43F3-4047-B88F-61D722E7D6E3}.Debug|iPhoneSimulator.ActiveCfg = Debug|x86
		{28C263DF-43F3-4047-B88F-61D722E7D6E3}.Debug|x64.ActiveCfg = Debug|x64
		{28C263DF-43F3-4047-B88F-61D722E7D6E3}.Debug|x64.Build.0 = Debug|x64
		{28C263DF-43F3-4047-B88F-61D722E7D6E3}.Debug|x64.Deploy.0 = Debug|x64
		{28C263DF-43F3-4047-B88F-61D722E7D6E3}.Debug|x86.ActiveCfg = Debug|x86
		{28C263DF-43F3-4047-B88F-61D722E7D6E3}.Debug|x86.Build.0 = Debug|x86
		{28C263DF-43F3-4047-B88F-61D722E7D6E3}.Debug|x86.Deploy.0 = Debug|x86
		{28C263DF-43F3-4047-B88F-61D722E7D6E3}.Release|Any CPU.ActiveCfg = Release|x86
		{28C263DF-43F3-4047-B88F-61D722E7D6E3}.Release|ARM.ActiveCfg = Release|ARM
		{28C263DF-43F3-4047-B88F-61D722E7D6E3}.Release|ARM.Build.0 = Release|ARM
		{28C263DF-43F3-4047-B88F-61D722E7D6E3}.Release|ARM.Deploy.0 = Release|ARM
		{28C263DF-43F3-4047-B88F-61D722E7D6E3}.Release|ARM64.ActiveCfg = Release|ARM64
		{28C263DF-43F3-4047-B88F-61D722E7D6E3}.Release|ARM64.Build.0 = Release|ARM64
		{28C263DF-43F3-4047-B88F-61D722E7D6E3}.Release|ARM64.Deploy.0 = Release|ARM64
		{28C263DF-43F3-4047-B88F-61D722E7D6E3}.Release|iPhone.ActiveCfg = Release|x86
		{28C263DF-43F3-4047-B88F-61D722E7D6E3}.Release|iPhoneSimulator.ActiveCfg = Release|x86
		{28C263DF-43F3-4047-B88F-61D722E7D6E3}.Release|x64.ActiveCfg = Release|x64
		{28C263DF-43F3-4047-B88F-61D722E7D6E3}.Release|x64.Build.0 = Release|x64
		{28C263DF-43F3-4047-B88F-61D722E7D6E3}.Release|x64.Deploy.0 = Release|x64
		{28C263DF-43F3-4047-B88F-61D722E7D6E3}.Release|x86.ActiveCfg = Release|x86
		{28C263DF-43F3-4047-B88F-61D722E7D6E3}.Release|x86.Build.0 = Release|x86
		{28C263DF-43F3-4047-B88F-61D722E7D6E3}.Release|x86.Deploy.0 = Release|x86
		{A5F3CB65-A82F-4B74-8414-7D6D1F73979C}.Ad-Hoc|Any CPU.ActiveCfg = Debug|Any CPU
		{A5F3CB65-A82F-4B74-8414-7D6D1F73979C}.Ad-Hoc|Any CPU.Build.0 = Debug|Any CPU
		{A5F3CB65-A82F-4B74-8414-7D6D1F73979C}.Ad-Hoc|ARM.ActiveCfg = Debug|Any CPU
		{A5F3CB65-A82F-4B74-8414-7D6D1F73979C}.Ad-Hoc|ARM.Build.0 = Debug|Any CPU
		{A5F3CB65-A82F-4B74-8414-7D6D1F73979C}.Ad-Hoc|ARM64.ActiveCfg = Debug|Any CPU
		{A5F3CB65-A82F-4B74-8414-7D6D1F73979C}.Ad-Hoc|ARM64.Build.0 = Debug|Any CPU
		{A5F3CB65-A82F-4B74-8414-7D6D1F73979C}.Ad-Hoc|iPhone.ActiveCfg = Debug|Any CPU
		{A5F3CB65-A82F-4B74-8414-7D6D1F73979C}.Ad-Hoc|iPhone.Build.0 = Debug|Any CPU
		{A5F3CB65-A82F-4B74-8414-7D6D1F73979C}.Ad-Hoc|iPhoneSimulator.ActiveCfg = Debug|Any CPU
		{A5F3CB65-A82F-4B74-8414-7D6D1F73979C}.Ad-Hoc|iPhoneSimulator.Build.0 = Debug|Any CPU
		{A5F3CB65-A82F-4B74-8414-7D6D1F73979C}.Ad-Hoc|x64.ActiveCfg = Debug|Any CPU
		{A5F3CB65-A82F-4B74-8414-7D6D1F73979C}.Ad-Hoc|x64.Build.0 = Debug|Any CPU
		{A5F3CB65-A82F-4B74-8414-7D6D1F73979C}.Ad-Hoc|x86.ActiveCfg = Debug|Any CPU
		{A5F3CB65-A82F-4B74-8414-7D6D1F73979C}.Ad-Hoc|x86.Build.0 = Debug|Any CPU
		{A5F3CB65-A82F-4B74-8414-7D6D1F73979C}.AppStore|Any CPU.ActiveCfg = Debug|Any CPU
		{A5F3CB65-A82F-4B74-8414-7D6D1F73979C}.AppStore|Any CPU.Build.0 = Debug|Any CPU
		{A5F3CB65-A82F-4B74-8414-7D6D1F73979C}.AppStore|ARM.ActiveCfg = Debug|Any CPU
		{A5F3CB65-A82F-4B74-8414-7D6D1F73979C}.AppStore|ARM.Build.0 = Debug|Any CPU
		{A5F3CB65-A82F-4B74-8414-7D6D1F73979C}.AppStore|ARM64.ActiveCfg = Debug|Any CPU
		{A5F3CB65-A82F-4B74-8414-7D6D1F73979C}.AppStore|ARM64.Build.0 = Debug|Any CPU
		{A5F3CB65-A82F-4B74-8414-7D6D1F73979C}.AppStore|iPhone.ActiveCfg = Debug|Any CPU
		{A5F3CB65-A82F-4B74-8414-7D6D1F73979C}.AppStore|iPhone.Build.0 = Debug|Any CPU
		{A5F3CB65-A82F-4B74-8414-7D6D1F73979C}.AppStore|iPhoneSimulator.ActiveCfg = Debug|Any CPU
		{A5F3CB65-A82F-4B74-8414-7D6D1F73979C}.AppStore|iPhoneSimulator.Build.0 = Debug|Any CPU
		{A5F3CB65-A82F-4B74-8414-7D6D1F73979C}.AppStore|x64.ActiveCfg = Debug|Any CPU
		{A5F3CB65-A82F-4B74-8414-7D6D1F73979C}.AppStore|x64.Build.0 = Debug|Any CPU
		{A5F3CB65-A82F-4B74-8414-7D6D1F73979C}.AppStore|x86.ActiveCfg = Debug|Any CPU
		{A5F3CB65-A82F-4B74-8414-7D6D1F73979C}.AppStore|x86.Build.0 = Debug|Any CPU
		{A5F3CB65-A82F-4B74-8414-7D6D1F73979C}.Debug|Any CPU.ActiveCfg = Debug|Any CPU
		{A5F3CB65-A82F-4B74-8414-7D6D1F73979C}.Debug|Any CPU.Build.0 = Debug|Any CPU
		{A5F3CB65-A82F-4B74-8414-7D6D1F73979C}.Debug|ARM.ActiveCfg = Debug|Any CPU
		{A5F3CB65-A82F-4B74-8414-7D6D1F73979C}.Debug|ARM.Build.0 = Debug|Any CPU
		{A5F3CB65-A82F-4B74-8414-7D6D1F73979C}.Debug|ARM64.ActiveCfg = Debug|Any CPU
		{A5F3CB65-A82F-4B74-8414-7D6D1F73979C}.Debug|ARM64.Build.0 = Debug|Any CPU
		{A5F3CB65-A82F-4B74-8414-7D6D1F73979C}.Debug|iPhone.ActiveCfg = Debug|Any CPU
		{A5F3CB65-A82F-4B74-8414-7D6D1F73979C}.Debug|iPhone.Build.0 = Debug|Any CPU
		{A5F3CB65-A82F-4B74-8414-7D6D1F73979C}.Debug|iPhoneSimulator.ActiveCfg = Debug|Any CPU
		{A5F3CB65-A82F-4B74-8414-7D6D1F73979C}.Debug|iPhoneSimulator.Build.0 = Debug|Any CPU
		{A5F3CB65-A82F-4B74-8414-7D6D1F73979C}.Debug|x64.ActiveCfg = Debug|Any CPU
		{A5F3CB65-A82F-4B74-8414-7D6D1F73979C}.Debug|x64.Build.0 = Debug|Any CPU
		{A5F3CB65-A82F-4B74-8414-7D6D1F73979C}.Debug|x86.ActiveCfg = Debug|Any CPU
		{A5F3CB65-A82F-4B74-8414-7D6D1F73979C}.Debug|x86.Build.0 = Debug|Any CPU
		{A5F3CB65-A82F-4B74-8414-7D6D1F73979C}.Release|Any CPU.ActiveCfg = Release|Any CPU
		{A5F3CB65-A82F-4B74-8414-7D6D1F73979C}.Release|Any CPU.Build.0 = Release|Any CPU
		{A5F3CB65-A82F-4B74-8414-7D6D1F73979C}.Release|ARM.ActiveCfg = Release|Any CPU
		{A5F3CB65-A82F-4B74-8414-7D6D1F73979C}.Release|ARM.Build.0 = Release|Any CPU
		{A5F3CB65-A82F-4B74-8414-7D6D1F73979C}.Release|ARM64.ActiveCfg = Release|Any CPU
		{A5F3CB65-A82F-4B74-8414-7D6D1F73979C}.Release|ARM64.Build.0 = Release|Any CPU
		{A5F3CB65-A82F-4B74-8414-7D6D1F73979C}.Release|iPhone.ActiveCfg = Release|Any CPU
		{A5F3CB65-A82F-4B74-8414-7D6D1F73979C}.Release|iPhone.Build.0 = Release|Any CPU
		{A5F3CB65-A82F-4B74-8414-7D6D1F73979C}.Release|iPhoneSimulator.ActiveCfg = Release|Any CPU
		{A5F3CB65-A82F-4B74-8414-7D6D1F73979C}.Release|iPhoneSimulator.Build.0 = Release|Any CPU
		{A5F3CB65-A82F-4B74-8414-7D6D1F73979C}.Release|x64.ActiveCfg = Release|Any CPU
		{A5F3CB65-A82F-4B74-8414-7D6D1F73979C}.Release|x64.Build.0 = Release|Any CPU
		{A5F3CB65-A82F-4B74-8414-7D6D1F73979C}.Release|x86.ActiveCfg = Release|Any CPU
		{A5F3CB65-A82F-4B74-8414-7D6D1F73979C}.Release|x86.Build.0 = Release|Any CPU
		{4E8CC87C-968E-4679-BA65-DD2B67591603}.Ad-Hoc|Any CPU.ActiveCfg = Debug|iPhoneSimulator
		{4E8CC87C-968E-4679-BA65-DD2B67591603}.Ad-Hoc|Any CPU.Build.0 = Debug|iPhoneSimulator
		{4E8CC87C-968E-4679-BA65-DD2B67591603}.Ad-Hoc|ARM.ActiveCfg = Debug|iPhoneSimulator
		{4E8CC87C-968E-4679-BA65-DD2B67591603}.Ad-Hoc|ARM.Build.0 = Debug|iPhoneSimulator
		{4E8CC87C-968E-4679-BA65-DD2B67591603}.Ad-Hoc|ARM64.ActiveCfg = Debug|iPhoneSimulator
		{4E8CC87C-968E-4679-BA65-DD2B67591603}.Ad-Hoc|ARM64.Build.0 = Debug|iPhoneSimulator
		{4E8CC87C-968E-4679-BA65-DD2B67591603}.Ad-Hoc|iPhone.ActiveCfg = Debug|iPhoneSimulator
		{4E8CC87C-968E-4679-BA65-DD2B67591603}.Ad-Hoc|iPhone.Build.0 = Debug|iPhoneSimulator
		{4E8CC87C-968E-4679-BA65-DD2B67591603}.Ad-Hoc|iPhoneSimulator.ActiveCfg = Debug|iPhoneSimulator
		{4E8CC87C-968E-4679-BA65-DD2B67591603}.Ad-Hoc|iPhoneSimulator.Build.0 = Debug|iPhoneSimulator
		{4E8CC87C-968E-4679-BA65-DD2B67591603}.Ad-Hoc|x64.ActiveCfg = Debug|iPhoneSimulator
		{4E8CC87C-968E-4679-BA65-DD2B67591603}.Ad-Hoc|x64.Build.0 = Debug|iPhoneSimulator
		{4E8CC87C-968E-4679-BA65-DD2B67591603}.Ad-Hoc|x86.ActiveCfg = Debug|iPhoneSimulator
		{4E8CC87C-968E-4679-BA65-DD2B67591603}.Ad-Hoc|x86.Build.0 = Debug|iPhoneSimulator
		{4E8CC87C-968E-4679-BA65-DD2B67591603}.AppStore|Any CPU.ActiveCfg = Debug|iPhoneSimulator
		{4E8CC87C-968E-4679-BA65-DD2B67591603}.AppStore|Any CPU.Build.0 = Debug|iPhoneSimulator
		{4E8CC87C-968E-4679-BA65-DD2B67591603}.AppStore|ARM.ActiveCfg = Debug|iPhoneSimulator
		{4E8CC87C-968E-4679-BA65-DD2B67591603}.AppStore|ARM.Build.0 = Debug|iPhoneSimulator
		{4E8CC87C-968E-4679-BA65-DD2B67591603}.AppStore|ARM64.ActiveCfg = Debug|iPhoneSimulator
		{4E8CC87C-968E-4679-BA65-DD2B67591603}.AppStore|ARM64.Build.0 = Debug|iPhoneSimulator
		{4E8CC87C-968E-4679-BA65-DD2B67591603}.AppStore|iPhone.ActiveCfg = Debug|iPhoneSimulator
		{4E8CC87C-968E-4679-BA65-DD2B67591603}.AppStore|iPhone.Build.0 = Debug|iPhoneSimulator
		{4E8CC87C-968E-4679-BA65-DD2B67591603}.AppStore|iPhoneSimulator.ActiveCfg = Debug|iPhoneSimulator
		{4E8CC87C-968E-4679-BA65-DD2B67591603}.AppStore|iPhoneSimulator.Build.0 = Debug|iPhoneSimulator
		{4E8CC87C-968E-4679-BA65-DD2B67591603}.AppStore|x64.ActiveCfg = Debug|iPhoneSimulator
		{4E8CC87C-968E-4679-BA65-DD2B67591603}.AppStore|x64.Build.0 = Debug|iPhoneSimulator
		{4E8CC87C-968E-4679-BA65-DD2B67591603}.AppStore|x86.ActiveCfg = Debug|iPhoneSimulator
		{4E8CC87C-968E-4679-BA65-DD2B67591603}.AppStore|x86.Build.0 = Debug|iPhoneSimulator
		{4E8CC87C-968E-4679-BA65-DD2B67591603}.Debug|Any CPU.ActiveCfg = Debug|iPhoneSimulator
		{4E8CC87C-968E-4679-BA65-DD2B67591603}.Debug|ARM.ActiveCfg = Debug|iPhoneSimulator
		{4E8CC87C-968E-4679-BA65-DD2B67591603}.Debug|ARM64.ActiveCfg = Debug|iPhoneSimulator
		{4E8CC87C-968E-4679-BA65-DD2B67591603}.Debug|iPhone.ActiveCfg = Debug|iPhoneSimulator
		{4E8CC87C-968E-4679-BA65-DD2B67591603}.Debug|iPhoneSimulator.ActiveCfg = Debug|iPhoneSimulator
		{4E8CC87C-968E-4679-BA65-DD2B67591603}.Debug|iPhoneSimulator.Build.0 = Debug|iPhoneSimulator
		{4E8CC87C-968E-4679-BA65-DD2B67591603}.Debug|x64.ActiveCfg = Debug|iPhoneSimulator
		{4E8CC87C-968E-4679-BA65-DD2B67591603}.Debug|x86.ActiveCfg = Debug|iPhoneSimulator
		{4E8CC87C-968E-4679-BA65-DD2B67591603}.Release|Any CPU.ActiveCfg = Release|iPhoneSimulator
		{4E8CC87C-968E-4679-BA65-DD2B67591603}.Release|ARM.ActiveCfg = Release|iPhoneSimulator
		{4E8CC87C-968E-4679-BA65-DD2B67591603}.Release|ARM64.ActiveCfg = Release|iPhoneSimulator
		{4E8CC87C-968E-4679-BA65-DD2B67591603}.Release|iPhone.ActiveCfg = Release|iPhoneSimulator
		{4E8CC87C-968E-4679-BA65-DD2B67591603}.Release|iPhoneSimulator.ActiveCfg = Release|iPhoneSimulator
		{4E8CC87C-968E-4679-BA65-DD2B67591603}.Release|iPhoneSimulator.Build.0 = Release|iPhoneSimulator
		{4E8CC87C-968E-4679-BA65-DD2B67591603}.Release|x64.ActiveCfg = Release|iPhoneSimulator
		{4E8CC87C-968E-4679-BA65-DD2B67591603}.Release|x86.ActiveCfg = Release|iPhoneSimulator
		{57CD3633-D11F-4A9C-A295-E71056F271E2}.Ad-Hoc|Any CPU.ActiveCfg = Debug|Any CPU
		{57CD3633-D11F-4A9C-A295-E71056F271E2}.Ad-Hoc|Any CPU.Build.0 = Debug|Any CPU
		{57CD3633-D11F-4A9C-A295-E71056F271E2}.Ad-Hoc|ARM.ActiveCfg = Debug|Any CPU
		{57CD3633-D11F-4A9C-A295-E71056F271E2}.Ad-Hoc|ARM.Build.0 = Debug|Any CPU
		{57CD3633-D11F-4A9C-A295-E71056F271E2}.Ad-Hoc|ARM64.ActiveCfg = Debug|Any CPU
		{57CD3633-D11F-4A9C-A295-E71056F271E2}.Ad-Hoc|ARM64.Build.0 = Debug|Any CPU
		{57CD3633-D11F-4A9C-A295-E71056F271E2}.Ad-Hoc|iPhone.ActiveCfg = Debug|Any CPU
		{57CD3633-D11F-4A9C-A295-E71056F271E2}.Ad-Hoc|iPhone.Build.0 = Debug|Any CPU
		{57CD3633-D11F-4A9C-A295-E71056F271E2}.Ad-Hoc|iPhoneSimulator.ActiveCfg = Debug|Any CPU
		{57CD3633-D11F-4A9C-A295-E71056F271E2}.Ad-Hoc|iPhoneSimulator.Build.0 = Debug|Any CPU
		{57CD3633-D11F-4A9C-A295-E71056F271E2}.Ad-Hoc|x64.ActiveCfg = Debug|Any CPU
		{57CD3633-D11F-4A9C-A295-E71056F271E2}.Ad-Hoc|x64.Build.0 = Debug|Any CPU
		{57CD3633-D11F-4A9C-A295-E71056F271E2}.Ad-Hoc|x86.ActiveCfg = Debug|Any CPU
		{57CD3633-D11F-4A9C-A295-E71056F271E2}.Ad-Hoc|x86.Build.0 = Debug|Any CPU
		{57CD3633-D11F-4A9C-A295-E71056F271E2}.AppStore|Any CPU.ActiveCfg = Debug|Any CPU
		{57CD3633-D11F-4A9C-A295-E71056F271E2}.AppStore|Any CPU.Build.0 = Debug|Any CPU
		{57CD3633-D11F-4A9C-A295-E71056F271E2}.AppStore|ARM.ActiveCfg = Debug|Any CPU
		{57CD3633-D11F-4A9C-A295-E71056F271E2}.AppStore|ARM.Build.0 = Debug|Any CPU
		{57CD3633-D11F-4A9C-A295-E71056F271E2}.AppStore|ARM64.ActiveCfg = Debug|Any CPU
		{57CD3633-D11F-4A9C-A295-E71056F271E2}.AppStore|ARM64.Build.0 = Debug|Any CPU
		{57CD3633-D11F-4A9C-A295-E71056F271E2}.AppStore|iPhone.ActiveCfg = Debug|Any CPU
		{57CD3633-D11F-4A9C-A295-E71056F271E2}.AppStore|iPhone.Build.0 = Debug|Any CPU
		{57CD3633-D11F-4A9C-A295-E71056F271E2}.AppStore|iPhoneSimulator.ActiveCfg = Debug|Any CPU
		{57CD3633-D11F-4A9C-A295-E71056F271E2}.AppStore|iPhoneSimulator.Build.0 = Debug|Any CPU
		{57CD3633-D11F-4A9C-A295-E71056F271E2}.AppStore|x64.ActiveCfg = Debug|Any CPU
		{57CD3633-D11F-4A9C-A295-E71056F271E2}.AppStore|x64.Build.0 = Debug|Any CPU
		{57CD3633-D11F-4A9C-A295-E71056F271E2}.AppStore|x86.ActiveCfg = Debug|Any CPU
		{57CD3633-D11F-4A9C-A295-E71056F271E2}.AppStore|x86.Build.0 = Debug|Any CPU
		{57CD3633-D11F-4A9C-A295-E71056F271E2}.Debug|Any CPU.ActiveCfg = Debug|Any CPU
		{57CD3633-D11F-4A9C-A295-E71056F271E2}.Debug|Any CPU.Build.0 = Debug|Any CPU
		{57CD3633-D11F-4A9C-A295-E71056F271E2}.Debug|ARM.ActiveCfg = Debug|Any CPU
		{57CD3633-D11F-4A9C-A295-E71056F271E2}.Debug|ARM.Build.0 = Debug|Any CPU
		{57CD3633-D11F-4A9C-A295-E71056F271E2}.Debug|ARM64.ActiveCfg = Debug|Any CPU
		{57CD3633-D11F-4A9C-A295-E71056F271E2}.Debug|ARM64.Build.0 = Debug|Any CPU
		{57CD3633-D11F-4A9C-A295-E71056F271E2}.Debug|iPhone.ActiveCfg = Debug|Any CPU
		{57CD3633-D11F-4A9C-A295-E71056F271E2}.Debug|iPhone.Build.0 = Debug|Any CPU
		{57CD3633-D11F-4A9C-A295-E71056F271E2}.Debug|iPhoneSimulator.ActiveCfg = Debug|Any CPU
		{57CD3633-D11F-4A9C-A295-E71056F271E2}.Debug|iPhoneSimulator.Build.0 = Debug|Any CPU
		{57CD3633-D11F-4A9C-A295-E71056F271E2}.Debug|x64.ActiveCfg = Debug|Any CPU
		{57CD3633-D11F-4A9C-A295-E71056F271E2}.Debug|x64.Build.0 = Debug|Any CPU
		{57CD3633-D11F-4A9C-A295-E71056F271E2}.Debug|x86.ActiveCfg = Debug|Any CPU
		{57CD3633-D11F-4A9C-A295-E71056F271E2}.Release|Any CPU.ActiveCfg = Release|Any CPU
		{57CD3633-D11F-4A9C-A295-E71056F271E2}.Release|Any CPU.Build.0 = Release|Any CPU
		{57CD3633-D11F-4A9C-A295-E71056F271E2}.Release|ARM.ActiveCfg = Release|Any CPU
		{57CD3633-D11F-4A9C-A295-E71056F271E2}.Release|ARM.Build.0 = Release|Any CPU
		{57CD3633-D11F-4A9C-A295-E71056F271E2}.Release|ARM64.ActiveCfg = Release|Any CPU
		{57CD3633-D11F-4A9C-A295-E71056F271E2}.Release|ARM64.Build.0 = Release|Any CPU
		{57CD3633-D11F-4A9C-A295-E71056F271E2}.Release|iPhone.ActiveCfg = Release|Any CPU
		{57CD3633-D11F-4A9C-A295-E71056F271E2}.Release|iPhone.Build.0 = Release|Any CPU
		{57CD3633-D11F-4A9C-A295-E71056F271E2}.Release|iPhoneSimulator.ActiveCfg = Release|Any CPU
		{57CD3633-D11F-4A9C-A295-E71056F271E2}.Release|iPhoneSimulator.Build.0 = Release|Any CPU
		{57CD3633-D11F-4A9C-A295-E71056F271E2}.Release|x64.ActiveCfg = Release|Any CPU
		{57CD3633-D11F-4A9C-A295-E71056F271E2}.Release|x64.Build.0 = Release|Any CPU
		{57CD3633-D11F-4A9C-A295-E71056F271E2}.Release|x86.ActiveCfg = Release|Any CPU
		{57CD3633-D11F-4A9C-A295-E71056F271E2}.Release|x86.Build.0 = Release|Any CPU
		{5A5CA828-DED8-4F64-BF3C-F84FEC0F8707}.Ad-Hoc|Any CPU.ActiveCfg = Debug|Any CPU
		{5A5CA828-DED8-4F64-BF3C-F84FEC0F8707}.Ad-Hoc|Any CPU.Build.0 = Debug|Any CPU
		{5A5CA828-DED8-4F64-BF3C-F84FEC0F8707}.Ad-Hoc|ARM.ActiveCfg = Debug|Any CPU
		{5A5CA828-DED8-4F64-BF3C-F84FEC0F8707}.Ad-Hoc|ARM.Build.0 = Debug|Any CPU
		{5A5CA828-DED8-4F64-BF3C-F84FEC0F8707}.Ad-Hoc|ARM64.ActiveCfg = Debug|Any CPU
		{5A5CA828-DED8-4F64-BF3C-F84FEC0F8707}.Ad-Hoc|ARM64.Build.0 = Debug|Any CPU
		{5A5CA828-DED8-4F64-BF3C-F84FEC0F8707}.Ad-Hoc|iPhone.ActiveCfg = Debug|Any CPU
		{5A5CA828-DED8-4F64-BF3C-F84FEC0F8707}.Ad-Hoc|iPhone.Build.0 = Debug|Any CPU
		{5A5CA828-DED8-4F64-BF3C-F84FEC0F8707}.Ad-Hoc|iPhoneSimulator.ActiveCfg = Debug|Any CPU
		{5A5CA828-DED8-4F64-BF3C-F84FEC0F8707}.Ad-Hoc|iPhoneSimulator.Build.0 = Debug|Any CPU
		{5A5CA828-DED8-4F64-BF3C-F84FEC0F8707}.Ad-Hoc|x64.ActiveCfg = Debug|Any CPU
		{5A5CA828-DED8-4F64-BF3C-F84FEC0F8707}.Ad-Hoc|x64.Build.0 = Debug|Any CPU
		{5A5CA828-DED8-4F64-BF3C-F84FEC0F8707}.Ad-Hoc|x86.ActiveCfg = Debug|Any CPU
		{5A5CA828-DED8-4F64-BF3C-F84FEC0F8707}.Ad-Hoc|x86.Build.0 = Debug|Any CPU
		{5A5CA828-DED8-4F64-BF3C-F84FEC0F8707}.AppStore|Any CPU.ActiveCfg = Debug|Any CPU
		{5A5CA828-DED8-4F64-BF3C-F84FEC0F8707}.AppStore|Any CPU.Build.0 = Debug|Any CPU
		{5A5CA828-DED8-4F64-BF3C-F84FEC0F8707}.AppStore|ARM.ActiveCfg = Debug|Any CPU
		{5A5CA828-DED8-4F64-BF3C-F84FEC0F8707}.AppStore|ARM.Build.0 = Debug|Any CPU
		{5A5CA828-DED8-4F64-BF3C-F84FEC0F8707}.AppStore|ARM64.ActiveCfg = Debug|Any CPU
		{5A5CA828-DED8-4F64-BF3C-F84FEC0F8707}.AppStore|ARM64.Build.0 = Debug|Any CPU
		{5A5CA828-DED8-4F64-BF3C-F84FEC0F8707}.AppStore|iPhone.ActiveCfg = Debug|Any CPU
		{5A5CA828-DED8-4F64-BF3C-F84FEC0F8707}.AppStore|iPhone.Build.0 = Debug|Any CPU
		{5A5CA828-DED8-4F64-BF3C-F84FEC0F8707}.AppStore|iPhoneSimulator.ActiveCfg = Debug|Any CPU
		{5A5CA828-DED8-4F64-BF3C-F84FEC0F8707}.AppStore|iPhoneSimulator.Build.0 = Debug|Any CPU
		{5A5CA828-DED8-4F64-BF3C-F84FEC0F8707}.AppStore|x64.ActiveCfg = Debug|Any CPU
		{5A5CA828-DED8-4F64-BF3C-F84FEC0F8707}.AppStore|x64.Build.0 = Debug|Any CPU
		{5A5CA828-DED8-4F64-BF3C-F84FEC0F8707}.AppStore|x86.ActiveCfg = Debug|Any CPU
		{5A5CA828-DED8-4F64-BF3C-F84FEC0F8707}.AppStore|x86.Build.0 = Debug|Any CPU
		{5A5CA828-DED8-4F64-BF3C-F84FEC0F8707}.Debug|Any CPU.ActiveCfg = Debug|Any CPU
		{5A5CA828-DED8-4F64-BF3C-F84FEC0F8707}.Debug|Any CPU.Build.0 = Debug|Any CPU
		{5A5CA828-DED8-4F64-BF3C-F84FEC0F8707}.Debug|ARM.ActiveCfg = Debug|Any CPU
		{5A5CA828-DED8-4F64-BF3C-F84FEC0F8707}.Debug|ARM.Build.0 = Debug|Any CPU
		{5A5CA828-DED8-4F64-BF3C-F84FEC0F8707}.Debug|ARM64.ActiveCfg = Debug|Any CPU
		{5A5CA828-DED8-4F64-BF3C-F84FEC0F8707}.Debug|ARM64.Build.0 = Debug|Any CPU
		{5A5CA828-DED8-4F64-BF3C-F84FEC0F8707}.Debug|iPhone.ActiveCfg = Debug|Any CPU
		{5A5CA828-DED8-4F64-BF3C-F84FEC0F8707}.Debug|iPhone.Build.0 = Debug|Any CPU
		{5A5CA828-DED8-4F64-BF3C-F84FEC0F8707}.Debug|iPhoneSimulator.ActiveCfg = Debug|Any CPU
		{5A5CA828-DED8-4F64-BF3C-F84FEC0F8707}.Debug|iPhoneSimulator.Build.0 = Debug|Any CPU
		{5A5CA828-DED8-4F64-BF3C-F84FEC0F8707}.Debug|x64.ActiveCfg = Debug|Any CPU
		{5A5CA828-DED8-4F64-BF3C-F84FEC0F8707}.Debug|x64.Build.0 = Debug|Any CPU
		{5A5CA828-DED8-4F64-BF3C-F84FEC0F8707}.Debug|x86.ActiveCfg = Debug|Any CPU
		{5A5CA828-DED8-4F64-BF3C-F84FEC0F8707}.Release|Any CPU.ActiveCfg = Release|Any CPU
		{5A5CA828-DED8-4F64-BF3C-F84FEC0F8707}.Release|Any CPU.Build.0 = Release|Any CPU
		{5A5CA828-DED8-4F64-BF3C-F84FEC0F8707}.Release|ARM.ActiveCfg = Release|Any CPU
		{5A5CA828-DED8-4F64-BF3C-F84FEC0F8707}.Release|ARM.Build.0 = Release|Any CPU
		{5A5CA828-DED8-4F64-BF3C-F84FEC0F8707}.Release|ARM64.ActiveCfg = Release|Any CPU
		{5A5CA828-DED8-4F64-BF3C-F84FEC0F8707}.Release|ARM64.Build.0 = Release|Any CPU
		{5A5CA828-DED8-4F64-BF3C-F84FEC0F8707}.Release|iPhone.ActiveCfg = Release|Any CPU
		{5A5CA828-DED8-4F64-BF3C-F84FEC0F8707}.Release|iPhone.Build.0 = Release|Any CPU
		{5A5CA828-DED8-4F64-BF3C-F84FEC0F8707}.Release|iPhoneSimulator.ActiveCfg = Release|Any CPU
		{5A5CA828-DED8-4F64-BF3C-F84FEC0F8707}.Release|iPhoneSimulator.Build.0 = Release|Any CPU
		{5A5CA828-DED8-4F64-BF3C-F84FEC0F8707}.Release|x64.ActiveCfg = Release|Any CPU
		{5A5CA828-DED8-4F64-BF3C-F84FEC0F8707}.Release|x64.Build.0 = Release|Any CPU
		{5A5CA828-DED8-4F64-BF3C-F84FEC0F8707}.Release|x86.ActiveCfg = Release|Any CPU
		{5A5CA828-DED8-4F64-BF3C-F84FEC0F8707}.Release|x86.Build.0 = Release|Any CPU
		{4F0E9CCA-C8D7-41FD-B627-5B3D680D8EB8}.Ad-Hoc|Any CPU.ActiveCfg = Debug|Any CPU
		{4F0E9CCA-C8D7-41FD-B627-5B3D680D8EB8}.Ad-Hoc|Any CPU.Build.0 = Debug|Any CPU
		{4F0E9CCA-C8D7-41FD-B627-5B3D680D8EB8}.Ad-Hoc|ARM.ActiveCfg = Debug|Any CPU
		{4F0E9CCA-C8D7-41FD-B627-5B3D680D8EB8}.Ad-Hoc|ARM.Build.0 = Debug|Any CPU
		{4F0E9CCA-C8D7-41FD-B627-5B3D680D8EB8}.Ad-Hoc|ARM64.ActiveCfg = Debug|Any CPU
		{4F0E9CCA-C8D7-41FD-B627-5B3D680D8EB8}.Ad-Hoc|ARM64.Build.0 = Debug|Any CPU
		{4F0E9CCA-C8D7-41FD-B627-5B3D680D8EB8}.Ad-Hoc|iPhone.ActiveCfg = Debug|Any CPU
		{4F0E9CCA-C8D7-41FD-B627-5B3D680D8EB8}.Ad-Hoc|iPhone.Build.0 = Debug|Any CPU
		{4F0E9CCA-C8D7-41FD-B627-5B3D680D8EB8}.Ad-Hoc|iPhoneSimulator.ActiveCfg = Debug|Any CPU
		{4F0E9CCA-C8D7-41FD-B627-5B3D680D8EB8}.Ad-Hoc|iPhoneSimulator.Build.0 = Debug|Any CPU
		{4F0E9CCA-C8D7-41FD-B627-5B3D680D8EB8}.Ad-Hoc|x64.ActiveCfg = Debug|Any CPU
		{4F0E9CCA-C8D7-41FD-B627-5B3D680D8EB8}.Ad-Hoc|x64.Build.0 = Debug|Any CPU
		{4F0E9CCA-C8D7-41FD-B627-5B3D680D8EB8}.Ad-Hoc|x86.ActiveCfg = Debug|Any CPU
		{4F0E9CCA-C8D7-41FD-B627-5B3D680D8EB8}.Ad-Hoc|x86.Build.0 = Debug|Any CPU
		{4F0E9CCA-C8D7-41FD-B627-5B3D680D8EB8}.AppStore|Any CPU.ActiveCfg = Debug|Any CPU
		{4F0E9CCA-C8D7-41FD-B627-5B3D680D8EB8}.AppStore|Any CPU.Build.0 = Debug|Any CPU
		{4F0E9CCA-C8D7-41FD-B627-5B3D680D8EB8}.AppStore|ARM.ActiveCfg = Debug|Any CPU
		{4F0E9CCA-C8D7-41FD-B627-5B3D680D8EB8}.AppStore|ARM.Build.0 = Debug|Any CPU
		{4F0E9CCA-C8D7-41FD-B627-5B3D680D8EB8}.AppStore|ARM64.ActiveCfg = Debug|Any CPU
		{4F0E9CCA-C8D7-41FD-B627-5B3D680D8EB8}.AppStore|ARM64.Build.0 = Debug|Any CPU
		{4F0E9CCA-C8D7-41FD-B627-5B3D680D8EB8}.AppStore|iPhone.ActiveCfg = Debug|Any CPU
		{4F0E9CCA-C8D7-41FD-B627-5B3D680D8EB8}.AppStore|iPhone.Build.0 = Debug|Any CPU
		{4F0E9CCA-C8D7-41FD-B627-5B3D680D8EB8}.AppStore|iPhoneSimulator.ActiveCfg = Debug|Any CPU
		{4F0E9CCA-C8D7-41FD-B627-5B3D680D8EB8}.AppStore|iPhoneSimulator.Build.0 = Debug|Any CPU
		{4F0E9CCA-C8D7-41FD-B627-5B3D680D8EB8}.AppStore|x64.ActiveCfg = Debug|Any CPU
		{4F0E9CCA-C8D7-41FD-B627-5B3D680D8EB8}.AppStore|x64.Build.0 = Debug|Any CPU
		{4F0E9CCA-C8D7-41FD-B627-5B3D680D8EB8}.AppStore|x86.ActiveCfg = Debug|Any CPU
		{4F0E9CCA-C8D7-41FD-B627-5B3D680D8EB8}.AppStore|x86.Build.0 = Debug|Any CPU
		{4F0E9CCA-C8D7-41FD-B627-5B3D680D8EB8}.Debug|Any CPU.ActiveCfg = Debug|Any CPU
		{4F0E9CCA-C8D7-41FD-B627-5B3D680D8EB8}.Debug|Any CPU.Build.0 = Debug|Any CPU
		{4F0E9CCA-C8D7-41FD-B627-5B3D680D8EB8}.Debug|ARM.ActiveCfg = Debug|Any CPU
		{4F0E9CCA-C8D7-41FD-B627-5B3D680D8EB8}.Debug|ARM.Build.0 = Debug|Any CPU
		{4F0E9CCA-C8D7-41FD-B627-5B3D680D8EB8}.Debug|ARM64.ActiveCfg = Debug|Any CPU
		{4F0E9CCA-C8D7-41FD-B627-5B3D680D8EB8}.Debug|ARM64.Build.0 = Debug|Any CPU
		{4F0E9CCA-C8D7-41FD-B627-5B3D680D8EB8}.Debug|iPhone.ActiveCfg = Debug|Any CPU
		{4F0E9CCA-C8D7-41FD-B627-5B3D680D8EB8}.Debug|iPhone.Build.0 = Debug|Any CPU
		{4F0E9CCA-C8D7-41FD-B627-5B3D680D8EB8}.Debug|iPhoneSimulator.ActiveCfg = Debug|Any CPU
		{4F0E9CCA-C8D7-41FD-B627-5B3D680D8EB8}.Debug|iPhoneSimulator.Build.0 = Debug|Any CPU
		{4F0E9CCA-C8D7-41FD-B627-5B3D680D8EB8}.Debug|x64.ActiveCfg = Debug|Any CPU
		{4F0E9CCA-C8D7-41FD-B627-5B3D680D8EB8}.Debug|x64.Build.0 = Debug|Any CPU
		{4F0E9CCA-C8D7-41FD-B627-5B3D680D8EB8}.Debug|x86.ActiveCfg = Debug|Any CPU
		{4F0E9CCA-C8D7-41FD-B627-5B3D680D8EB8}.Release|Any CPU.ActiveCfg = Release|Any CPU
		{4F0E9CCA-C8D7-41FD-B627-5B3D680D8EB8}.Release|Any CPU.Build.0 = Release|Any CPU
		{4F0E9CCA-C8D7-41FD-B627-5B3D680D8EB8}.Release|ARM.ActiveCfg = Release|Any CPU
		{4F0E9CCA-C8D7-41FD-B627-5B3D680D8EB8}.Release|ARM.Build.0 = Release|Any CPU
		{4F0E9CCA-C8D7-41FD-B627-5B3D680D8EB8}.Release|ARM64.ActiveCfg = Release|Any CPU
		{4F0E9CCA-C8D7-41FD-B627-5B3D680D8EB8}.Release|ARM64.Build.0 = Release|Any CPU
		{4F0E9CCA-C8D7-41FD-B627-5B3D680D8EB8}.Release|iPhone.ActiveCfg = Release|Any CPU
		{4F0E9CCA-C8D7-41FD-B627-5B3D680D8EB8}.Release|iPhone.Build.0 = Release|Any CPU
		{4F0E9CCA-C8D7-41FD-B627-5B3D680D8EB8}.Release|iPhoneSimulator.ActiveCfg = Release|Any CPU
		{4F0E9CCA-C8D7-41FD-B627-5B3D680D8EB8}.Release|iPhoneSimulator.Build.0 = Release|Any CPU
		{4F0E9CCA-C8D7-41FD-B627-5B3D680D8EB8}.Release|x64.ActiveCfg = Release|Any CPU
		{4F0E9CCA-C8D7-41FD-B627-5B3D680D8EB8}.Release|x64.Build.0 = Release|Any CPU
		{4F0E9CCA-C8D7-41FD-B627-5B3D680D8EB8}.Release|x86.ActiveCfg = Release|Any CPU
		{4F0E9CCA-C8D7-41FD-B627-5B3D680D8EB8}.Release|x86.Build.0 = Release|Any CPU
		{10D51CFA-3D88-483E-B210-1020666C1E69}.Ad-Hoc|Any CPU.ActiveCfg = Debug|Any CPU
		{10D51CFA-3D88-483E-B210-1020666C1E69}.Ad-Hoc|Any CPU.Build.0 = Debug|Any CPU
		{10D51CFA-3D88-483E-B210-1020666C1E69}.Ad-Hoc|ARM.ActiveCfg = Debug|Any CPU
		{10D51CFA-3D88-483E-B210-1020666C1E69}.Ad-Hoc|ARM.Build.0 = Debug|Any CPU
		{10D51CFA-3D88-483E-B210-1020666C1E69}.Ad-Hoc|ARM64.ActiveCfg = Debug|Any CPU
		{10D51CFA-3D88-483E-B210-1020666C1E69}.Ad-Hoc|ARM64.Build.0 = Debug|Any CPU
		{10D51CFA-3D88-483E-B210-1020666C1E69}.Ad-Hoc|iPhone.ActiveCfg = Debug|Any CPU
		{10D51CFA-3D88-483E-B210-1020666C1E69}.Ad-Hoc|iPhone.Build.0 = Debug|Any CPU
		{10D51CFA-3D88-483E-B210-1020666C1E69}.Ad-Hoc|iPhoneSimulator.ActiveCfg = Debug|Any CPU
		{10D51CFA-3D88-483E-B210-1020666C1E69}.Ad-Hoc|iPhoneSimulator.Build.0 = Debug|Any CPU
		{10D51CFA-3D88-483E-B210-1020666C1E69}.Ad-Hoc|x64.ActiveCfg = Debug|Any CPU
		{10D51CFA-3D88-483E-B210-1020666C1E69}.Ad-Hoc|x64.Build.0 = Debug|Any CPU
		{10D51CFA-3D88-483E-B210-1020666C1E69}.Ad-Hoc|x86.ActiveCfg = Debug|Any CPU
		{10D51CFA-3D88-483E-B210-1020666C1E69}.Ad-Hoc|x86.Build.0 = Debug|Any CPU
		{10D51CFA-3D88-483E-B210-1020666C1E69}.AppStore|Any CPU.ActiveCfg = Debug|Any CPU
		{10D51CFA-3D88-483E-B210-1020666C1E69}.AppStore|Any CPU.Build.0 = Debug|Any CPU
		{10D51CFA-3D88-483E-B210-1020666C1E69}.AppStore|ARM.ActiveCfg = Debug|Any CPU
		{10D51CFA-3D88-483E-B210-1020666C1E69}.AppStore|ARM.Build.0 = Debug|Any CPU
		{10D51CFA-3D88-483E-B210-1020666C1E69}.AppStore|ARM64.ActiveCfg = Debug|Any CPU
		{10D51CFA-3D88-483E-B210-1020666C1E69}.AppStore|ARM64.Build.0 = Debug|Any CPU
		{10D51CFA-3D88-483E-B210-1020666C1E69}.AppStore|iPhone.ActiveCfg = Debug|Any CPU
		{10D51CFA-3D88-483E-B210-1020666C1E69}.AppStore|iPhone.Build.0 = Debug|Any CPU
		{10D51CFA-3D88-483E-B210-1020666C1E69}.AppStore|iPhoneSimulator.ActiveCfg = Debug|Any CPU
		{10D51CFA-3D88-483E-B210-1020666C1E69}.AppStore|iPhoneSimulator.Build.0 = Debug|Any CPU
		{10D51CFA-3D88-483E-B210-1020666C1E69}.AppStore|x64.ActiveCfg = Debug|Any CPU
		{10D51CFA-3D88-483E-B210-1020666C1E69}.AppStore|x64.Build.0 = Debug|Any CPU
		{10D51CFA-3D88-483E-B210-1020666C1E69}.AppStore|x86.ActiveCfg = Debug|Any CPU
		{10D51CFA-3D88-483E-B210-1020666C1E69}.AppStore|x86.Build.0 = Debug|Any CPU
		{10D51CFA-3D88-483E-B210-1020666C1E69}.Debug|Any CPU.ActiveCfg = Debug|Any CPU
		{10D51CFA-3D88-483E-B210-1020666C1E69}.Debug|Any CPU.Build.0 = Debug|Any CPU
		{10D51CFA-3D88-483E-B210-1020666C1E69}.Debug|ARM.ActiveCfg = Debug|Any CPU
		{10D51CFA-3D88-483E-B210-1020666C1E69}.Debug|ARM.Build.0 = Debug|Any CPU
		{10D51CFA-3D88-483E-B210-1020666C1E69}.Debug|ARM64.ActiveCfg = Debug|Any CPU
		{10D51CFA-3D88-483E-B210-1020666C1E69}.Debug|ARM64.Build.0 = Debug|Any CPU
		{10D51CFA-3D88-483E-B210-1020666C1E69}.Debug|iPhone.ActiveCfg = Debug|Any CPU
		{10D51CFA-3D88-483E-B210-1020666C1E69}.Debug|iPhone.Build.0 = Debug|Any CPU
		{10D51CFA-3D88-483E-B210-1020666C1E69}.Debug|iPhoneSimulator.ActiveCfg = Debug|Any CPU
		{10D51CFA-3D88-483E-B210-1020666C1E69}.Debug|iPhoneSimulator.Build.0 = Debug|Any CPU
		{10D51CFA-3D88-483E-B210-1020666C1E69}.Debug|x64.ActiveCfg = Debug|Any CPU
		{10D51CFA-3D88-483E-B210-1020666C1E69}.Debug|x64.Build.0 = Debug|Any CPU
		{10D51CFA-3D88-483E-B210-1020666C1E69}.Debug|x86.ActiveCfg = Debug|Any CPU
		{10D51CFA-3D88-483E-B210-1020666C1E69}.Release|Any CPU.ActiveCfg = Release|Any CPU
		{10D51CFA-3D88-483E-B210-1020666C1E69}.Release|Any CPU.Build.0 = Release|Any CPU
		{10D51CFA-3D88-483E-B210-1020666C1E69}.Release|ARM.ActiveCfg = Release|Any CPU
		{10D51CFA-3D88-483E-B210-1020666C1E69}.Release|ARM.Build.0 = Release|Any CPU
		{10D51CFA-3D88-483E-B210-1020666C1E69}.Release|ARM64.ActiveCfg = Release|Any CPU
		{10D51CFA-3D88-483E-B210-1020666C1E69}.Release|ARM64.Build.0 = Release|Any CPU
		{10D51CFA-3D88-483E-B210-1020666C1E69}.Release|iPhone.ActiveCfg = Release|Any CPU
		{10D51CFA-3D88-483E-B210-1020666C1E69}.Release|iPhone.Build.0 = Release|Any CPU
		{10D51CFA-3D88-483E-B210-1020666C1E69}.Release|iPhoneSimulator.ActiveCfg = Release|Any CPU
		{10D51CFA-3D88-483E-B210-1020666C1E69}.Release|iPhoneSimulator.Build.0 = Release|Any CPU
		{10D51CFA-3D88-483E-B210-1020666C1E69}.Release|x64.ActiveCfg = Release|Any CPU
		{10D51CFA-3D88-483E-B210-1020666C1E69}.Release|x64.Build.0 = Release|Any CPU
		{10D51CFA-3D88-483E-B210-1020666C1E69}.Release|x86.ActiveCfg = Release|Any CPU
		{10D51CFA-3D88-483E-B210-1020666C1E69}.Release|x86.Build.0 = Release|Any CPU
	EndGlobalSection
	GlobalSection(SolutionProperties) = preSolution
		HideSolutionNode = FALSE
	EndGlobalSection
	GlobalSection(NestedProjects) = preSolution
		{DBB210D1-B108-448C-B94F-036781648D32} = {CE535946-2273-40C4-AA3A-4E4561CD51E4}
		{DBEC7AE6-9E07-49E7-98B4-92712E25B885} = {CE535946-2273-40C4-AA3A-4E4561CD51E4}
		{28C263DF-43F3-4047-B88F-61D722E7D6E3} = {CE535946-2273-40C4-AA3A-4E4561CD51E4}
		{A5F3CB65-A82F-4B74-8414-7D6D1F73979C} = {CE535946-2273-40C4-AA3A-4E4561CD51E4}
		{4E8CC87C-968E-4679-BA65-DD2B67591603} = {CE535946-2273-40C4-AA3A-4E4561CD51E4}
		{57CD3633-D11F-4A9C-A295-E71056F271E2} = {CE535946-2273-40C4-AA3A-4E4561CD51E4}
		{5A5CA828-DED8-4F64-BF3C-F84FEC0F8707} = {CE535946-2273-40C4-AA3A-4E4561CD51E4}
		{4F0E9CCA-C8D7-41FD-B627-5B3D680D8EB8} = {CE535946-2273-40C4-AA3A-4E4561CD51E4}
		{10D51CFA-3D88-483E-B210-1020666C1E69} = {CE535946-2273-40C4-AA3A-4E4561CD51E4}
	EndGlobalSection
	GlobalSection(ExtensibilityGlobals) = postSolution
		SolutionGuid = {40887151-B8C0-4560-83A4-C93D0DA7E803}
	EndGlobalSection
EndGlobal
